
Microsoft Visual Studio Solution File, Format Version 12.00
# Visual Studio 2012
Project("{FAE04EC0-301F-11D3-BF4B-00C04F79EFBC}") = "MarqueeBind", "MarqueeBind\MarqueeBind.csproj", "{89004840-74C3-4089-B0D6-28BFD7965072}"
EndProject
Project("{FAE04EC0-301F-11D3-BF4B-00C04F79EFBC}") = "MarqueeUse", "MarqueeUse\MarqueeUse.csproj", "{1F93916B-767E-467A-93FA-D554C47A3F09}"
EndProject
Global
	GlobalSection(SolutionConfigurationPlatforms) = preSolution
		Debug|Any CPU = Debug|Any CPU
		Release|Any CPU = Release|Any CPU
		Debug|iPhoneSimulator = Debug|iPhoneSimulator
		Release|iPhoneSimulator = Release|iPhoneSimulator
		Debug|iPhone = Debug|iPhone
		Release|iPhone = Release|iPhone
		Ad-Hoc|iPhone = Ad-Hoc|iPhone
		AppStore|iPhone = AppStore|iPhone
	EndGlobalSection
	GlobalSection(ProjectConfigurationPlatforms) = postSolution
		{1F93916B-767E-467A-93FA-D554C47A3F09}.Ad-Hoc|iPhone.ActiveCfg = Ad-Hoc|iPhone
		{1F93916B-767E-467A-93FA-D554C47A3F09}.Ad-Hoc|iPhone.Build.0 = Ad-Hoc|iPhone
		{1F93916B-767E-467A-93FA-D554C47A3F09}.AppStore|iPhone.ActiveCfg = AppStore|iPhone
		{1F93916B-767E-467A-93FA-D554C47A3F09}.AppStore|iPhone.Build.0 = AppStore|iPhone
		{1F93916B-767E-467A-93FA-D554C47A3F09}.Debug|Any CPU.ActiveCfg = Debug|iPhoneSimulator
		{1F93916B-767E-467A-93FA-D554C47A3F09}.Debug|Any CPU.Build.0 = Debug|iPhoneSimulator
		{1F93916B-767E-467A-93FA-D554C47A3F09}.Debug|iPhone.ActiveCfg = Debug|iPhone
		{1F93916B-767E-467A-93FA-D554C47A3F09}.Debug|iPhone.Build.0 = Debug|iPhone
		{1F93916B-767E-467A-93FA-D554C47A3F09}.Debug|iPhoneSimulator.ActiveCfg = Debug|iPhoneSimulator
		{1F93916B-767E-467A-93FA-D554C47A3F09}.Debug|iPhoneSimulator.Build.0 = Debug|iPhoneSimulator
		{1F93916B-767E-467A-93FA-D554C47A3F09}.Release|Any CPU.ActiveCfg = Release|iPhoneSimulator
		{1F93916B-767E-467A-93FA-D554C47A3F09}.Release|Any CPU.Build.0 = Release|iPhoneSimulator
		{1F93916B-767E-467A-93FA-D554C47A3F09}.Release|iPhone.ActiveCfg = Release|iPhone
		{1F93916B-767E-467A-93FA-D554C47A3F09}.Release|iPhone.Build.0 = Release|iPhone
		{1F93916B-767E-467A-93FA-D554C47A3F09}.Release|iPhoneSimulator.ActiveCfg = Release|iPhoneSimulator
		{1F93916B-767E-467A-93FA-D554C47A3F09}.Release|iPhoneSimulator.Build.0 = Release|iPhoneSimulator
		{89004840-74C3-4089-B0D6-28BFD7965072}.Ad-Hoc|iPhone.ActiveCfg = Debug|Any CPU
		{89004840-74C3-4089-B0D6-28BFD7965072}.Ad-Hoc|iPhone.Build.0 = Debug|Any CPU
		{89004840-74C3-4089-B0D6-28BFD7965072}.AppStore|iPhone.ActiveCfg = Debug|Any CPU
		{89004840-74C3-4089-B0D6-28BFD7965072}.AppStore|iPhone.Build.0 = Debug|Any CPU
		{89004840-74C3-4089-B0D6-28BFD7965072}.Debug|Any CPU.ActiveCfg = Debug|Any CPU
		{89004840-74C3-4089-B0D6-28BFD7965072}.Debug|Any CPU.Build.0 = Debug|Any CPU
		{89004840-74C3-4089-B0D6-28BFD7965072}.Debug|iPhone.ActiveCfg = Debug|Any CPU
		{89004840-74C3-4089-B0D6-28BFD7965072}.Debug|iPhone.Build.0 = Debug|Any CPU
		{89004840-74C3-4089-B0D6-28BFD7965072}.Debug|iPhoneSimulator.ActiveCfg = Debug|Any CPU
		{89004840-74C3-4089-B0D6-28BFD7965072}.Debug|iPhoneSimulator.Build.0 = Debug|Any CPU
		{89004840-74C3-4089-B0D6-28BFD7965072}.Release|Any CPU.ActiveCfg = Release|Any CPU
		{89004840-74C3-4089-B0D6-28BFD7965072}.Release|Any CPU.Build.0 = Release|Any CPU
		{89004840-74C3-4089-B0D6-28BFD7965072}.Release|iPhone.ActiveCfg = Release|Any CPU
		{89004840-74C3-4089-B0D6-28BFD7965072}.Release|iPhone.Build.0 = Release|Any CPU
		{89004840-74C3-4089-B0D6-28BFD7965072}.Release|iPhoneSimulator.ActiveCfg = Release|Any CPU
		{89004840-74C3-4089-B0D6-28BFD7965072}.Release|iPhoneSimulator.Build.0 = Release|Any CPU
	EndGlobalSection
EndGlobal
